
Microsoft Visual Studio Solution File, Format Version 12.00
# Visual Studio Version 17
VisualStudioVersion = 17.10.35027.167
MinimumVisualStudioVersion = 10.0.40219.1
Project("{2150E333-8FDC-42A3-9474-1A3956D46DE8}") = "Services", "Services", "{814DD55B-47E4-4F5F-A8FF-745FE4767BA5}"
EndProject
Project("{2150E333-8FDC-42A3-9474-1A3956D46DE8}") = "Catalog", "Catalog", "{ED960546-C7CE-4CB6-867B-580A3909B4B8}"
EndProject
Project("{FAE04EC0-301F-11D3-BF4B-00C04F79EFBC}") = "Catalog.API", "Services\Catalog\Catalog.API\Catalog.API.csproj", "{BB8E8958-1696-4798-9ED0-267902EBF404}"
EndProject
Project("{2150E333-8FDC-42A3-9474-1A3956D46DE8}") = "BuildingBlocks", "BuildingBlocks", "{AF2938F7-AD7D-4CB3-AFFD-8C1E1432EA2E}"
EndProject
Project("{FAE04EC0-301F-11D3-BF4B-00C04F79EFBC}") = "BuildingBlocks", "BuildingBlocks\BuildingBlocks\BuildingBlocks.csproj", "{22589837-0E0D-4C33-A0B4-920D92930A0A}"
EndProject
Project("{E53339B2-1760-4266-BCC7-CA923CBCF16C}") = "docker-compose", "docker-compose.dcproj", "{5822A58A-5EEE-4B59-98F4-ED9240A2DF09}"
EndProject
Project("{2150E333-8FDC-42A3-9474-1A3956D46DE8}") = "Basket", "Basket", "{9ECBE82B-5CFA-4E9A-BAF8-251FD31B2B7D}"
EndProject
Project("{FAE04EC0-301F-11D3-BF4B-00C04F79EFBC}") = "Basket.API", "Services\Basket\Basket.API\Basket.API.csproj", "{65D5E984-A8D2-4D44-A0AE-41FB066F0113}"
EndProject
Project("{2150E333-8FDC-42A3-9474-1A3956D46DE8}") = "Discount", "Discount", "{4F88CEA2-1E89-418D-96EC-842006F60472}"
EndProject
Project("{FAE04EC0-301F-11D3-BF4B-00C04F79EFBC}") = "Discount.Grpc", "Services\Discount\Discount.Grpc\Discount.Grpc.csproj", "{0A9BEF57-671E-4A38-AAB6-4A185584DBCF}"
EndProject
Global
	GlobalSection(SolutionConfigurationPlatforms) = preSolution
		Debug|Any CPU = Debug|Any CPU
		Release|Any CPU = Release|Any CPU
	EndGlobalSection
	GlobalSection(ProjectConfigurationPlatforms) = postSolution
		{BB8E8958-1696-4798-9ED0-267902EBF404}.Debug|Any CPU.ActiveCfg = Debug|Any CPU
		{BB8E8958-1696-4798-9ED0-267902EBF404}.Debug|Any CPU.Build.0 = Debug|Any CPU
		{BB8E8958-1696-4798-9ED0-267902EBF404}.Release|Any CPU.ActiveCfg = Release|Any CPU
		{BB8E8958-1696-4798-9ED0-267902EBF404}.Release|Any CPU.Build.0 = Release|Any CPU
		{22589837-0E0D-4C33-A0B4-920D92930A0A}.Debug|Any CPU.ActiveCfg = Debug|Any CPU
		{22589837-0E0D-4C33-A0B4-920D92930A0A}.Debug|Any CPU.Build.0 = Debug|Any CPU
		{22589837-0E0D-4C33-A0B4-920D92930A0A}.Release|Any CPU.ActiveCfg = Release|Any CPU
		{22589837-0E0D-4C33-A0B4-920D92930A0A}.Release|Any CPU.Build.0 = Release|Any CPU
		{5822A58A-5EEE-4B59-98F4-ED9240A2DF09}.Debug|Any CPU.ActiveCfg = Debug|Any CPU
		{5822A58A-5EEE-4B59-98F4-ED9240A2DF09}.Debug|Any CPU.Build.0 = Debug|Any CPU
		{5822A58A-5EEE-4B59-98F4-ED9240A2DF09}.Release|Any CPU.ActiveCfg = Release|Any CPU
		{5822A58A-5EEE-4B59-98F4-ED9240A2DF09}.Release|Any CPU.Build.0 = Release|Any CPU
		{65D5E984-A8D2-4D44-A0AE-41FB066F0113}.Debug|Any CPU.ActiveCfg = Debug|Any CPU
		{65D5E984-A8D2-4D44-A0AE-41FB066F0113}.Debug|Any CPU.Build.0 = Debug|Any CPU
		{65D5E984-A8D2-4D44-A0AE-41FB066F0113}.Release|Any CPU.ActiveCfg = Release|Any CPU
		{65D5E984-A8D2-4D44-A0AE-41FB066F0113}.Release|Any CPU.Build.0 = Release|Any CPU
		{0A9BEF57-671E-4A38-AAB6-4A185584DBCF}.Debug|Any CPU.ActiveCfg = Debug|Any CPU
		{0A9BEF57-671E-4A38-AAB6-4A185584DBCF}.Debug|Any CPU.Build.0 = Debug|Any CPU
		{0A9BEF57-671E-4A38-AAB6-4A185584DBCF}.Release|Any CPU.ActiveCfg = Release|Any CPU
		{0A9BEF57-671E-4A38-AAB6-4A185584DBCF}.Release|Any CPU.Build.0 = Release|Any CPU
	EndGlobalSection
	GlobalSection(SolutionProperties) = preSolution
		HideSolutionNode = FALSE
	EndGlobalSection
	GlobalSection(NestedProjects) = preSolution
		{ED960546-C7CE-4CB6-867B-580A3909B4B8} = {814DD55B-47E4-4F5F-A8FF-745FE4767BA5}
		{BB8E8958-1696-4798-9ED0-267902EBF404} = {ED960546-C7CE-4CB6-867B-580A3909B4B8}
		{22589837-0E0D-4C33-A0B4-920D92930A0A} = {AF2938F7-AD7D-4CB3-AFFD-8C1E1432EA2E}
		{9ECBE82B-5CFA-4E9A-BAF8-251FD31B2B7D} = {814DD55B-47E4-4F5F-A8FF-745FE4767BA5}
		{65D5E984-A8D2-4D44-A0AE-41FB066F0113} = {9ECBE82B-5CFA-4E9A-BAF8-251FD31B2B7D}
		{4F88CEA2-1E89-418D-96EC-842006F60472} = {814DD55B-47E4-4F5F-A8FF-745FE4767BA5}
		{0A9BEF57-671E-4A38-AAB6-4A185584DBCF} = {4F88CEA2-1E89-418D-96EC-842006F60472}
	EndGlobalSection
	GlobalSection(ExtensibilityGlobals) = postSolution
		SolutionGuid = {463789CE-01AB-4BD1-92F5-4ED6BED7949D}
	EndGlobalSection
EndGlobal
